// !$*UTF8*$!
{
	archiveVersion = 1;
	classes = {
	};
	objectVersion = 56;
	objects = {

/* Begin PBXBuildFile section */
		0602A4EE73EEB0661ECEBA5B /* libPods-MyCloudMusic.a in Frameworks */ = {isa = PBXBuildFile; fileRef = 67C5AE3070E486CA48E76613 /* libPods-MyCloudMusic.a */; };
		8D0FB0F129EC0E8F0074AA6B /* BannerData.m in Sources */ = {isa = PBXBuildFile; fileRef = 8D0FB0F029EC0E8F0074AA6B /* BannerData.m */; };
		8D42F93229E8021B009B9788 /* DefaultRepository.m in Sources */ = {isa = PBXBuildFile; fileRef = 8D42F93129E8021B009B9788 /* DefaultRepository.m */; };
		8D7560DD29F23C620027F959 /* BaseTableViewCell.m in Sources */ = {isa = PBXBuildFile; fileRef = 8D7560DC29F23C620027F959 /* BaseTableViewCell.m */; };
		8D7560E129F240AA0027F959 /* BannerCell.m in Sources */ = {isa = PBXBuildFile; fileRef = 8D7560E029F240AA0027F959 /* BannerCell.m */; };
		8D7560E429F257310027F959 /* ResourceUtil.m in Sources */ = {isa = PBXBuildFile; fileRef = 8D7560E329F257310027F959 /* ResourceUtil.m */; };
		8D7560E829F4DDF90027F959 /* BannerClickEvent.m in Sources */ = {isa = PBXBuildFile; fileRef = 8D7560E729F4DDF90027F959 /* BannerClickEvent.m */; };
		8D7560EC29F4E5770027F959 /* UIView+SuperUI.m in Sources */ = {isa = PBXBuildFile; fileRef = 8D7560EB29F4E5770027F959 /* UIView+SuperUI.m */; };
		8D7560EF29F5096B0027F959 /* DiscoveryButtonCell.m in Sources */ = {isa = PBXBuildFile; fileRef = 8D7560EE29F5096B0027F959 /* DiscoveryButtonCell.m */; };
		8D7560F229F616690027F959 /* ButtonData.m in Sources */ = {isa = PBXBuildFile; fileRef = 8D7560F129F616690027F959 /* ButtonData.m */; };
		8D7560F529F616DA0027F959 /* IconTitleButtonData.m in Sources */ = {isa = PBXBuildFile; fileRef = 8D7560F429F616DA0027F959 /* IconTitleButtonData.m */; };
		8D7560F929F623670027F959 /* DiscoveryButtonView.m in Sources */ = {isa = PBXBuildFile; fileRef = 8D7560F829F623670027F959 /* DiscoveryButtonView.m */; };
		8D7560FC29F653FF0027F959 /* SheetGroupCell.m in Sources */ = {isa = PBXBuildFile; fileRef = 8D7560FB29F653FF0027F959 /* SheetGroupCell.m */; };
		8D7560FF29F655680027F959 /* SheetData.m in Sources */ = {isa = PBXBuildFile; fileRef = 8D7560FE29F655680027F959 /* SheetData.m */; };
		8D75610329F656470027F959 /* Sheet.m in Sources */ = {isa = PBXBuildFile; fileRef = 8D75610229F656470027F959 /* Sheet.m */; };
		8D75610629F660A60027F959 /* ItemTitleView.m in Sources */ = {isa = PBXBuildFile; fileRef = 8D75610529F660A60027F959 /* ItemTitleView.m */; };
		8D75610B29F66B4B0027F959 /* BaseCollectionViewCell.m in Sources */ = {isa = PBXBuildFile; fileRef = 8D75610A29F66B4B0027F959 /* BaseCollectionViewCell.m */; };
		8D75610E29F66CD90027F959 /* SheetCell.m in Sources */ = {isa = PBXBuildFile; fileRef = 8D75610D29F66CD90027F959 /* SheetCell.m */; };
		8D75611129F675080027F959 /* ImageUtil.m in Sources */ = {isa = PBXBuildFile; fileRef = 8D75611029F675080027F959 /* ImageUtil.m */; };
		8D75611429F774870027F959 /* DiscoverySongCell.m in Sources */ = {isa = PBXBuildFile; fileRef = 8D75611329F774870027F959 /* DiscoverySongCell.m */; };
		8D75611729F774CA0027F959 /* SongGroupCell.m in Sources */ = {isa = PBXBuildFile; fileRef = 8D75611629F774CA0027F959 /* SongGroupCell.m */; };
		8D75611A29F7752B0027F959 /* SongData.m in Sources */ = {isa = PBXBuildFile; fileRef = 8D75611929F7752B0027F959 /* SongData.m */; };
		8D75611F29F775700027F959 /* Song.m in Sources */ = {isa = PBXBuildFile; fileRef = 8D75611E29F775700027F959 /* Song.m */; };
		8D75612429F7A2990027F959 /* User.m in Sources */ = {isa = PBXBuildFile; fileRef = 8D75612329F7A2990027F959 /* User.m */; };
		8D75612829F7BCC50027F959 /* ClickEvent.m in Sources */ = {isa = PBXBuildFile; fileRef = 8D75612729F7BCC50027F959 /* ClickEvent.m */; };
		8D75612C29F7C0FF0027F959 /* SuperToolbarView.m in Sources */ = {isa = PBXBuildFile; fileRef = 8D75612B29F7C0FF0027F959 /* SuperToolbarView.m */; };
		8D75612F29F7C5EC0027F959 /* BaseTitleController.m in Sources */ = {isa = PBXBuildFile; fileRef = 8D75612E29F7C5EC0027F959 /* BaseTitleController.m */; };
		8D75613229F8C8250027F959 /* BaseMainController.m in Sources */ = {isa = PBXBuildFile; fileRef = 8D75613129F8C8250027F959 /* BaseMainController.m */; };
		8D75613629F8FEB80027F959 /* SuperWebController.m in Sources */ = {isa = PBXBuildFile; fileRef = 8D75613529F8FEB80027F959 /* SuperWebController.m */; };
		8D9DC79C29E549B60025F4C4 /* TermServiceDialogController.m in Sources */ = {isa = PBXBuildFile; fileRef = 8D9DC79B29E549B60025F4C4 /* TermServiceDialogController.m */; };
		8D9DC7A029E555E30025F4C4 /* ViewFactoryUtil.m in Sources */ = {isa = PBXBuildFile; fileRef = 8D9DC79F29E555E30025F4C4 /* ViewFactoryUtil.m */; };
		8D9DC7A429E567280025F4C4 /* DefaultPreferenceUtil.m in Sources */ = {isa = PBXBuildFile; fileRef = 8D9DC7A329E567280025F4C4 /* DefaultPreferenceUtil.m */; };
		8D9DC7AA29E653420025F4C4 /* GuideController.m in Sources */ = {isa = PBXBuildFile; fileRef = 8D9DC7A929E653420025F4C4 /* GuideController.m */; };
		8D9DC7AD29E6AD400025F4C4 /* Config.m in Sources */ = {isa = PBXBuildFile; fileRef = 8D9DC7AC29E6AD400025F4C4 /* Config.m */; };
		8D9DC7B129E6AF690025F4C4 /* MSNetwork.m in Sources */ = {isa = PBXBuildFile; fileRef = 8D9DC7B029E6AF690025F4C4 /* MSNetwork.m */; };
		8D9DC7B529E7DE1A0025F4C4 /* SuperHttpUtil.m in Sources */ = {isa = PBXBuildFile; fileRef = 8D9DC7B429E7DE1A0025F4C4 /* SuperHttpUtil.m */; };
		8D9DC7BA29E7E04D0025F4C4 /* BaseResponse.m in Sources */ = {isa = PBXBuildFile; fileRef = 8D9DC7B929E7E04D0025F4C4 /* BaseResponse.m */; };
		8D9DC7BD29E7E1E20025F4C4 /* SuperBase.m in Sources */ = {isa = PBXBuildFile; fileRef = 8D9DC7BC29E7E1E20025F4C4 /* SuperBase.m */; };
		8D9DC7C029E7E2BE0025F4C4 /* Meta.m in Sources */ = {isa = PBXBuildFile; fileRef = 8D9DC7BF29E7E2BE0025F4C4 /* Meta.m */; };
		8D9DC7C329E7EC440025F4C4 /* SuperBaseId.m in Sources */ = {isa = PBXBuildFile; fileRef = 8D9DC7C229E7EC440025F4C4 /* SuperBaseId.m */; };
		8D9DC7CE29E7ED4F0025F4C4 /* SuperCommon.m in Sources */ = {isa = PBXBuildFile; fileRef = 8D9DC7CD29E7ED4F0025F4C4 /* SuperCommon.m */; };
		8D9DC7D129E7ED9D0025F4C4 /* Video.m in Sources */ = {isa = PBXBuildFile; fileRef = 8D9DC7D029E7ED9D0025F4C4 /* Video.m */; };
		8D9F984C29E3FC8700E67AC8 /* AppDelegate.m in Sources */ = {isa = PBXBuildFile; fileRef = 8D9F984B29E3FC8700E67AC8 /* AppDelegate.m */; };
		8D9F985229E3FC8700E67AC8 /* ViewController.m in Sources */ = {isa = PBXBuildFile; fileRef = 8D9F985129E3FC8700E67AC8 /* ViewController.m */; };
		8D9F985829E3FC8700E67AC8 /* MyCloudMusic.xcdatamodeld in Sources */ = {isa = PBXBuildFile; fileRef = 8D9F985629E3FC8700E67AC8 /* MyCloudMusic.xcdatamodeld */; };
		8D9F985A29E3FC8700E67AC8 /* Assets.xcassets in Resources */ = {isa = PBXBuildFile; fileRef = 8D9F985929E3FC8700E67AC8 /* Assets.xcassets */; };
		8D9F985D29E3FC8700E67AC8 /* LaunchScreen.storyboard in Resources */ = {isa = PBXBuildFile; fileRef = 8D9F985B29E3FC8700E67AC8 /* LaunchScreen.storyboard */; };
		8D9F986029E3FC8700E67AC8 /* main.m in Sources */ = {isa = PBXBuildFile; fileRef = 8D9F985F29E3FC8700E67AC8 /* main.m */; };
		8D9F986A29E3FD7E00E67AC8 /* SplashViewController.m in Sources */ = {isa = PBXBuildFile; fileRef = 8D9F986929E3FD7E00E67AC8 /* SplashViewController.m */; };
		8D9F986F29E45CFC00E67AC8 /* SuperDateUtil.m in Sources */ = {isa = PBXBuildFile; fileRef = 8D9F986E29E45CFC00E67AC8 /* SuperDateUtil.m */; };
		8D9F987329E4661700E67AC8 /* Localizable.strings in Resources */ = {isa = PBXBuildFile; fileRef = 8D9F987529E4661700E67AC8 /* Localizable.strings */; };
		8D9F987B29E46FD400E67AC8 /* InfoPlist.strings in Resources */ = {isa = PBXBuildFile; fileRef = 8D9F987D29E46FD400E67AC8 /* InfoPlist.strings */; };
		8D9F988229E4776500E67AC8 /* R.m in Sources */ = {isa = PBXBuildFile; fileRef = 8D9F988129E4776500E67AC8 /* R.m */; };
		8D9F988729E509D300E67AC8 /* UIColor+Hex.m in Sources */ = {isa = PBXBuildFile; fileRef = 8D9F988629E509D300E67AC8 /* UIColor+Hex.m */; };
		8D9F988B29E50C8300E67AC8 /* UIColor+Config.m in Sources */ = {isa = PBXBuildFile; fileRef = 8D9F988A29E50C8300E67AC8 /* UIColor+Config.m */; };
		8D9F988E29E50F3A00E67AC8 /* UIColor+Theme.m in Sources */ = {isa = PBXBuildFile; fileRef = 8D9F988D29E50F3A00E67AC8 /* UIColor+Theme.m */; };
		8D9F989129E5101B00E67AC8 /* UIColor+SuperUI.m in Sources */ = {isa = PBXBuildFile; fileRef = 8D9F989029E5101B00E67AC8 /* UIColor+SuperUI.m */; };
		8D9F989529E52CC100E67AC8 /* BaseController.m in Sources */ = {isa = PBXBuildFile; fileRef = 8D9F989429E52CC100E67AC8 /* BaseController.m */; };
		8D9F989829E52D6B00E67AC8 /* BaseCommonController.m in Sources */ = {isa = PBXBuildFile; fileRef = 8D9F989729E52D6B00E67AC8 /* BaseCommonController.m */; };
		8D9F989B29E52DEC00E67AC8 /* BaseLogicController.m in Sources */ = {isa = PBXBuildFile; fileRef = 8D9F989A29E52DEC00E67AC8 /* BaseLogicController.m */; };
		8DE85D1129E8EC0A004E22DB /* PlaceholderView.m in Sources */ = {isa = PBXBuildFile; fileRef = 8DE85D1029E8EC0A004E22DB /* PlaceholderView.m */; };
		8DE85D1629E8F1A9004E22DB /* StringUtil.m in Sources */ = {isa = PBXBuildFile; fileRef = 8DE85D1529E8F1A9004E22DB /* StringUtil.m */; };
		8DE85D1B29E8FDFD004E22DB /* SuperToast.m in Sources */ = {isa = PBXBuildFile; fileRef = 8DE85D1A29E8FDFD004E22DB /* SuperToast.m */; };
		8DE85D1E29E92207004E22DB /* TipUtil.m in Sources */ = {isa = PBXBuildFile; fileRef = 8DE85D1D29E92207004E22DB /* TipUtil.m */; };
		8DE85D2829E93160004E22DB /* FeedController.m in Sources */ = {isa = PBXBuildFile; fileRef = 8DE85D2729E93160004E22DB /* FeedController.m */; };
		8DE85D2D29E931C7004E22DB /* MainController.m in Sources */ = {isa = PBXBuildFile; fileRef = 8DE85D2C29E931C7004E22DB /* MainController.m */; };
		8DE85D3229E9321A004E22DB /* MeController.m in Sources */ = {isa = PBXBuildFile; fileRef = 8DE85D3129E9321A004E22DB /* MeController.m */; };
		8DE85D3729E93245004E22DB /* RoomController.m in Sources */ = {isa = PBXBuildFile; fileRef = 8DE85D3629E93245004E22DB /* RoomController.m */; };
		8DE85D3B29E932B4004E22DB /* VideoController.m in Sources */ = {isa = PBXBuildFile; fileRef = 8DE85D3A29E932B4004E22DB /* VideoController.m */; };
		8DE85D3E29E9335A004E22DB /* DiscoveryController.m in Sources */ = {isa = PBXBuildFile; fileRef = 8DE85D3D29E9335A004E22DB /* DiscoveryController.m */; };
		8DE85D4229E933A2004E22DB /* UIImage+SuperUI.m in Sources */ = {isa = PBXBuildFile; fileRef = 8DE85D4129E933A2004E22DB /* UIImage+SuperUI.m */; };
		8DE85D4729E940B9004E22DB /* Ad.m in Sources */ = {isa = PBXBuildFile; fileRef = 8DE85D4629E940B9004E22DB /* Ad.m */; };
/* End PBXBuildFile section */

/* Begin PBXFileReference section */
		67C5AE3070E486CA48E76613 /* libPods-MyCloudMusic.a */ = {isa = PBXFileReference; explicitFileType = archive.ar; includeInIndex = 0; path = "libPods-MyCloudMusic.a"; sourceTree = BUILT_PRODUCTS_DIR; };
		8558CA7B62B1D206278AC68E /* Pods-MyCloudMusic.release.xcconfig */ = {isa = PBXFileReference; includeInIndex = 1; lastKnownFileType = text.xcconfig; name = "Pods-MyCloudMusic.release.xcconfig"; path = "Pods/Target Support Files/Pods-MyCloudMusic/Pods-MyCloudMusic.release.xcconfig"; sourceTree = "<group>"; };
		8D0FB0EF29EC0E8F0074AA6B /* BannerData.h */ = {isa = PBXFileReference; lastKnownFileType = sourcecode.c.h; path = BannerData.h; sourceTree = "<group>"; };
		8D0FB0F029EC0E8F0074AA6B /* BannerData.m */ = {isa = PBXFileReference; lastKnownFileType = sourcecode.c.objc; path = BannerData.m; sourceTree = "<group>"; };
		8D42F93029E8021B009B9788 /* DefaultRepository.h */ = {isa = PBXFileReference; lastKnownFileType = sourcecode.c.h; path = DefaultRepository.h; sourceTree = "<group>"; };
		8D42F93129E8021B009B9788 /* DefaultRepository.m */ = {isa = PBXFileReference; lastKnownFileType = sourcecode.c.objc; path = DefaultRepository.m; sourceTree = "<group>"; };
		8D7560DB29F23C620027F959 /* BaseTableViewCell.h */ = {isa = PBXFileReference; lastKnownFileType = sourcecode.c.h; path = BaseTableViewCell.h; sourceTree = "<group>"; };
		8D7560DC29F23C620027F959 /* BaseTableViewCell.m */ = {isa = PBXFileReference; lastKnownFileType = sourcecode.c.objc; path = BaseTableViewCell.m; sourceTree = "<group>"; };
		8D7560DF29F240AA0027F959 /* BannerCell.h */ = {isa = PBXFileReference; lastKnownFileType = sourcecode.c.h; path = BannerCell.h; sourceTree = "<group>"; };
		8D7560E029F240AA0027F959 /* BannerCell.m */ = {isa = PBXFileReference; lastKnownFileType = sourcecode.c.objc; path = BannerCell.m; sourceTree = "<group>"; };
		8D7560E229F257310027F959 /* ResourceUtil.h */ = {isa = PBXFileReference; lastKnownFileType = sourcecode.c.h; path = ResourceUtil.h; sourceTree = "<group>"; };
		8D7560E329F257310027F959 /* ResourceUtil.m */ = {isa = PBXFileReference; lastKnownFileType = sourcecode.c.objc; path = ResourceUtil.m; sourceTree = "<group>"; };
		8D7560E629F4DDF90027F959 /* BannerClickEvent.h */ = {isa = PBXFileReference; lastKnownFileType = sourcecode.c.h; path = BannerClickEvent.h; sourceTree = "<group>"; };
		8D7560E729F4DDF90027F959 /* BannerClickEvent.m */ = {isa = PBXFileReference; lastKnownFileType = sourcecode.c.objc; path = BannerClickEvent.m; sourceTree = "<group>"; };
		8D7560EA29F4E5770027F959 /* UIView+SuperUI.h */ = {isa = PBXFileReference; lastKnownFileType = sourcecode.c.h; path = "UIView+SuperUI.h"; sourceTree = "<group>"; };
		8D7560EB29F4E5770027F959 /* UIView+SuperUI.m */ = {isa = PBXFileReference; lastKnownFileType = sourcecode.c.objc; path = "UIView+SuperUI.m"; sourceTree = "<group>"; };
		8D7560ED29F5096B0027F959 /* DiscoveryButtonCell.h */ = {isa = PBXFileReference; lastKnownFileType = sourcecode.c.h; path = DiscoveryButtonCell.h; sourceTree = "<group>"; };
		8D7560EE29F5096B0027F959 /* DiscoveryButtonCell.m */ = {isa = PBXFileReference; lastKnownFileType = sourcecode.c.objc; path = DiscoveryButtonCell.m; sourceTree = "<group>"; };
		8D7560F029F616690027F959 /* ButtonData.h */ = {isa = PBXFileReference; lastKnownFileType = sourcecode.c.h; path = ButtonData.h; sourceTree = "<group>"; };
		8D7560F129F616690027F959 /* ButtonData.m */ = {isa = PBXFileReference; lastKnownFileType = sourcecode.c.objc; path = ButtonData.m; sourceTree = "<group>"; };
		8D7560F329F616DA0027F959 /* IconTitleButtonData.h */ = {isa = PBXFileReference; lastKnownFileType = sourcecode.c.h; path = IconTitleButtonData.h; sourceTree = "<group>"; };
		8D7560F429F616DA0027F959 /* IconTitleButtonData.m */ = {isa = PBXFileReference; lastKnownFileType = sourcecode.c.objc; path = IconTitleButtonData.m; sourceTree = "<group>"; };
		8D7560F729F623670027F959 /* DiscoveryButtonView.h */ = {isa = PBXFileReference; lastKnownFileType = sourcecode.c.h; path = DiscoveryButtonView.h; sourceTree = "<group>"; };
		8D7560F829F623670027F959 /* DiscoveryButtonView.m */ = {isa = PBXFileReference; lastKnownFileType = sourcecode.c.objc; path = DiscoveryButtonView.m; sourceTree = "<group>"; };
		8D7560FA29F653FF0027F959 /* SheetGroupCell.h */ = {isa = PBXFileReference; lastKnownFileType = sourcecode.c.h; path = SheetGroupCell.h; sourceTree = "<group>"; };
		8D7560FB29F653FF0027F959 /* SheetGroupCell.m */ = {isa = PBXFileReference; lastKnownFileType = sourcecode.c.objc; path = SheetGroupCell.m; sourceTree = "<group>"; };
		8D7560FD29F655680027F959 /* SheetData.h */ = {isa = PBXFileReference; lastKnownFileType = sourcecode.c.h; path = SheetData.h; sourceTree = "<group>"; };
		8D7560FE29F655680027F959 /* SheetData.m */ = {isa = PBXFileReference; lastKnownFileType = sourcecode.c.objc; path = SheetData.m; sourceTree = "<group>"; };
		8D75610129F656470027F959 /* Sheet.h */ = {isa = PBXFileReference; lastKnownFileType = sourcecode.c.h; path = Sheet.h; sourceTree = "<group>"; };
		8D75610229F656470027F959 /* Sheet.m */ = {isa = PBXFileReference; lastKnownFileType = sourcecode.c.objc; path = Sheet.m; sourceTree = "<group>"; };
		8D75610429F660A60027F959 /* ItemTitleView.h */ = {isa = PBXFileReference; lastKnownFileType = sourcecode.c.h; path = ItemTitleView.h; sourceTree = "<group>"; };
		8D75610529F660A60027F959 /* ItemTitleView.m */ = {isa = PBXFileReference; lastKnownFileType = sourcecode.c.objc; path = ItemTitleView.m; sourceTree = "<group>"; };
		8D75610929F66B4B0027F959 /* BaseCollectionViewCell.h */ = {isa = PBXFileReference; lastKnownFileType = sourcecode.c.h; path = BaseCollectionViewCell.h; sourceTree = "<group>"; };
		8D75610A29F66B4B0027F959 /* BaseCollectionViewCell.m */ = {isa = PBXFileReference; lastKnownFileType = sourcecode.c.objc; path = BaseCollectionViewCell.m; sourceTree = "<group>"; };
		8D75610C29F66CD90027F959 /* SheetCell.h */ = {isa = PBXFileReference; lastKnownFileType = sourcecode.c.h; path = SheetCell.h; sourceTree = "<group>"; };
		8D75610D29F66CD90027F959 /* SheetCell.m */ = {isa = PBXFileReference; lastKnownFileType = sourcecode.c.objc; path = SheetCell.m; sourceTree = "<group>"; };
		8D75610F29F675080027F959 /* ImageUtil.h */ = {isa = PBXFileReference; lastKnownFileType = sourcecode.c.h; path = ImageUtil.h; sourceTree = "<group>"; };
		8D75611029F675080027F959 /* ImageUtil.m */ = {isa = PBXFileReference; lastKnownFileType = sourcecode.c.objc; path = ImageUtil.m; sourceTree = "<group>"; };
		8D75611229F774870027F959 /* DiscoverySongCell.h */ = {isa = PBXFileReference; lastKnownFileType = sourcecode.c.h; path = DiscoverySongCell.h; sourceTree = "<group>"; };
		8D75611329F774870027F959 /* DiscoverySongCell.m */ = {isa = PBXFileReference; lastKnownFileType = sourcecode.c.objc; path = DiscoverySongCell.m; sourceTree = "<group>"; };
		8D75611529F774CA0027F959 /* SongGroupCell.h */ = {isa = PBXFileReference; lastKnownFileType = sourcecode.c.h; path = SongGroupCell.h; sourceTree = "<group>"; };
		8D75611629F774CA0027F959 /* SongGroupCell.m */ = {isa = PBXFileReference; lastKnownFileType = sourcecode.c.objc; path = SongGroupCell.m; sourceTree = "<group>"; };
		8D75611829F7752B0027F959 /* SongData.h */ = {isa = PBXFileReference; lastKnownFileType = sourcecode.c.h; path = SongData.h; sourceTree = "<group>"; };
		8D75611929F7752B0027F959 /* SongData.m */ = {isa = PBXFileReference; lastKnownFileType = sourcecode.c.objc; path = SongData.m; sourceTree = "<group>"; };
		8D75611D29F775700027F959 /* Song.h */ = {isa = PBXFileReference; lastKnownFileType = sourcecode.c.h; path = Song.h; sourceTree = "<group>"; };
		8D75611E29F775700027F959 /* Song.m */ = {isa = PBXFileReference; lastKnownFileType = sourcecode.c.objc; path = Song.m; sourceTree = "<group>"; };
		8D75612229F7A2990027F959 /* User.h */ = {isa = PBXFileReference; lastKnownFileType = sourcecode.c.h; path = User.h; sourceTree = "<group>"; };
		8D75612329F7A2990027F959 /* User.m */ = {isa = PBXFileReference; lastKnownFileType = sourcecode.c.objc; path = User.m; sourceTree = "<group>"; };
		8D75612629F7BCC50027F959 /* ClickEvent.h */ = {isa = PBXFileReference; lastKnownFileType = sourcecode.c.h; path = ClickEvent.h; sourceTree = "<group>"; };
		8D75612729F7BCC50027F959 /* ClickEvent.m */ = {isa = PBXFileReference; lastKnownFileType = sourcecode.c.objc; path = ClickEvent.m; sourceTree = "<group>"; };
		8D75612A29F7C0FF0027F959 /* SuperToolbarView.h */ = {isa = PBXFileReference; lastKnownFileType = sourcecode.c.h; path = SuperToolbarView.h; sourceTree = "<group>"; };
		8D75612B29F7C0FF0027F959 /* SuperToolbarView.m */ = {isa = PBXFileReference; lastKnownFileType = sourcecode.c.objc; path = SuperToolbarView.m; sourceTree = "<group>"; };
		8D75612D29F7C5EC0027F959 /* BaseTitleController.h */ = {isa = PBXFileReference; lastKnownFileType = sourcecode.c.h; path = BaseTitleController.h; sourceTree = "<group>"; };
		8D75612E29F7C5EC0027F959 /* BaseTitleController.m */ = {isa = PBXFileReference; lastKnownFileType = sourcecode.c.objc; path = BaseTitleController.m; sourceTree = "<group>"; };
		8D75613029F8C8250027F959 /* BaseMainController.h */ = {isa = PBXFileReference; lastKnownFileType = sourcecode.c.h; path = BaseMainController.h; sourceTree = "<group>"; };
		8D75613129F8C8250027F959 /* BaseMainController.m */ = {isa = PBXFileReference; lastKnownFileType = sourcecode.c.objc; path = BaseMainController.m; sourceTree = "<group>"; };
		8D75613429F8FEB80027F959 /* SuperWebController.h */ = {isa = PBXFileReference; lastKnownFileType = sourcecode.c.h; path = SuperWebController.h; sourceTree = "<group>"; };
		8D75613529F8FEB80027F959 /* SuperWebController.m */ = {isa = PBXFileReference; lastKnownFileType = sourcecode.c.objc; path = SuperWebController.m; sourceTree = "<group>"; };
		8D9DC79A29E549B60025F4C4 /* TermServiceDialogController.h */ = {isa = PBXFileReference; lastKnownFileType = sourcecode.c.h; path = TermServiceDialogController.h; sourceTree = "<group>"; };
		8D9DC79B29E549B60025F4C4 /* TermServiceDialogController.m */ = {isa = PBXFileReference; lastKnownFileType = sourcecode.c.objc; path = TermServiceDialogController.m; sourceTree = "<group>"; };
		8D9DC79E29E555E30025F4C4 /* ViewFactoryUtil.h */ = {isa = PBXFileReference; lastKnownFileType = sourcecode.c.h; path = ViewFactoryUtil.h; sourceTree = "<group>"; };
		8D9DC79F29E555E30025F4C4 /* ViewFactoryUtil.m */ = {isa = PBXFileReference; lastKnownFileType = sourcecode.c.objc; path = ViewFactoryUtil.m; sourceTree = "<group>"; };
		8D9DC7A129E5566E0025F4C4 /* Constant.h */ = {isa = PBXFileReference; lastKnownFileType = sourcecode.c.h; path = Constant.h; sourceTree = "<group>"; };
		8D9DC7A229E567280025F4C4 /* DefaultPreferenceUtil.h */ = {isa = PBXFileReference; lastKnownFileType = sourcecode.c.h; path = DefaultPreferenceUtil.h; sourceTree = "<group>"; };
		8D9DC7A329E567280025F4C4 /* DefaultPreferenceUtil.m */ = {isa = PBXFileReference; lastKnownFileType = sourcecode.c.objc; path = DefaultPreferenceUtil.m; sourceTree = "<group>"; };
		8D9DC7A529E64B350025F4C4 /* PrefixHeader.pch */ = {isa = PBXFileReference; lastKnownFileType = sourcecode.c.h; path = PrefixHeader.pch; sourceTree = "<group>"; };
		8D9DC7A829E653420025F4C4 /* GuideController.h */ = {isa = PBXFileReference; lastKnownFileType = sourcecode.c.h; path = GuideController.h; sourceTree = "<group>"; };
		8D9DC7A929E653420025F4C4 /* GuideController.m */ = {isa = PBXFileReference; lastKnownFileType = sourcecode.c.objc; path = GuideController.m; sourceTree = "<group>"; };
		8D9DC7AB29E6AD400025F4C4 /* Config.h */ = {isa = PBXFileReference; lastKnownFileType = sourcecode.c.h; path = Config.h; sourceTree = "<group>"; };
		8D9DC7AC29E6AD400025F4C4 /* Config.m */ = {isa = PBXFileReference; lastKnownFileType = sourcecode.c.objc; path = Config.m; sourceTree = "<group>"; };
		8D9DC7AF29E6AF690025F4C4 /* MSNetwork.h */ = {isa = PBXFileReference; lastKnownFileType = sourcecode.c.h; path = MSNetwork.h; sourceTree = "<group>"; };
		8D9DC7B029E6AF690025F4C4 /* MSNetwork.m */ = {isa = PBXFileReference; lastKnownFileType = sourcecode.c.objc; path = MSNetwork.m; sourceTree = "<group>"; };
		8D9DC7B329E7DE1A0025F4C4 /* SuperHttpUtil.h */ = {isa = PBXFileReference; lastKnownFileType = sourcecode.c.h; path = SuperHttpUtil.h; sourceTree = "<group>"; };
		8D9DC7B429E7DE1A0025F4C4 /* SuperHttpUtil.m */ = {isa = PBXFileReference; lastKnownFileType = sourcecode.c.objc; path = SuperHttpUtil.m; sourceTree = "<group>"; };
		8D9DC7B829E7E04D0025F4C4 /* BaseResponse.h */ = {isa = PBXFileReference; lastKnownFileType = sourcecode.c.h; path = BaseResponse.h; sourceTree = "<group>"; };
		8D9DC7B929E7E04D0025F4C4 /* BaseResponse.m */ = {isa = PBXFileReference; lastKnownFileType = sourcecode.c.objc; path = BaseResponse.m; sourceTree = "<group>"; };
		8D9DC7BB29E7E1E20025F4C4 /* SuperBase.h */ = {isa = PBXFileReference; lastKnownFileType = sourcecode.c.h; path = SuperBase.h; sourceTree = "<group>"; };
		8D9DC7BC29E7E1E20025F4C4 /* SuperBase.m */ = {isa = PBXFileReference; lastKnownFileType = sourcecode.c.objc; path = SuperBase.m; sourceTree = "<group>"; };
		8D9DC7BE29E7E2BE0025F4C4 /* Meta.h */ = {isa = PBXFileReference; lastKnownFileType = sourcecode.c.h; path = Meta.h; sourceTree = "<group>"; };
		8D9DC7BF29E7E2BE0025F4C4 /* Meta.m */ = {isa = PBXFileReference; lastKnownFileType = sourcecode.c.objc; path = Meta.m; sourceTree = "<group>"; };
		8D9DC7C129E7EC440025F4C4 /* SuperBaseId.h */ = {isa = PBXFileReference; lastKnownFileType = sourcecode.c.h; path = SuperBaseId.h; sourceTree = "<group>"; };
		8D9DC7C229E7EC440025F4C4 /* SuperBaseId.m */ = {isa = PBXFileReference; lastKnownFileType = sourcecode.c.objc; path = SuperBaseId.m; sourceTree = "<group>"; };
		8D9DC7CC29E7ED4F0025F4C4 /* SuperCommon.h */ = {isa = PBXFileReference; lastKnownFileType = sourcecode.c.h; path = SuperCommon.h; sourceTree = "<group>"; };
		8D9DC7CD29E7ED4F0025F4C4 /* SuperCommon.m */ = {isa = PBXFileReference; lastKnownFileType = sourcecode.c.objc; path = SuperCommon.m; sourceTree = "<group>"; };
		8D9DC7CF29E7ED9D0025F4C4 /* Video.h */ = {isa = PBXFileReference; lastKnownFileType = sourcecode.c.h; path = Video.h; sourceTree = "<group>"; };
		8D9DC7D029E7ED9D0025F4C4 /* Video.m */ = {isa = PBXFileReference; lastKnownFileType = sourcecode.c.objc; path = Video.m; sourceTree = "<group>"; };
		8D9F984729E3FC8700E67AC8 /* MyCloudMusic.app */ = {isa = PBXFileReference; explicitFileType = wrapper.application; includeInIndex = 0; path = MyCloudMusic.app; sourceTree = BUILT_PRODUCTS_DIR; };
		8D9F984A29E3FC8700E67AC8 /* AppDelegate.h */ = {isa = PBXFileReference; lastKnownFileType = sourcecode.c.h; path = AppDelegate.h; sourceTree = "<group>"; };
		8D9F984B29E3FC8700E67AC8 /* AppDelegate.m */ = {isa = PBXFileReference; lastKnownFileType = sourcecode.c.objc; path = AppDelegate.m; sourceTree = "<group>"; };
		8D9F985029E3FC8700E67AC8 /* ViewController.h */ = {isa = PBXFileReference; lastKnownFileType = sourcecode.c.h; path = ViewController.h; sourceTree = "<group>"; };
		8D9F985129E3FC8700E67AC8 /* ViewController.m */ = {isa = PBXFileReference; lastKnownFileType = sourcecode.c.objc; path = ViewController.m; sourceTree = "<group>"; };
		8D9F985729E3FC8700E67AC8 /* MyCloudMusic.xcdatamodel */ = {isa = PBXFileReference; lastKnownFileType = wrapper.xcdatamodel; path = MyCloudMusic.xcdatamodel; sourceTree = "<group>"; };
		8D9F985929E3FC8700E67AC8 /* Assets.xcassets */ = {isa = PBXFileReference; lastKnownFileType = folder.assetcatalog; path = Assets.xcassets; sourceTree = "<group>"; };
		8D9F985C29E3FC8700E67AC8 /* Base */ = {isa = PBXFileReference; lastKnownFileType = file.storyboard; name = Base; path = Base.lproj/LaunchScreen.storyboard; sourceTree = "<group>"; };
		8D9F985E29E3FC8700E67AC8 /* Info.plist */ = {isa = PBXFileReference; lastKnownFileType = text.plist.xml; path = Info.plist; sourceTree = "<group>"; };
		8D9F985F29E3FC8700E67AC8 /* main.m */ = {isa = PBXFileReference; lastKnownFileType = sourcecode.c.objc; path = main.m; sourceTree = "<group>"; };
		8D9F986829E3FD7E00E67AC8 /* SplashViewController.h */ = {isa = PBXFileReference; lastKnownFileType = sourcecode.c.h; path = SplashViewController.h; sourceTree = "<group>"; };
		8D9F986929E3FD7E00E67AC8 /* SplashViewController.m */ = {isa = PBXFileReference; lastKnownFileType = sourcecode.c.objc; path = SplashViewController.m; sourceTree = "<group>"; };
		8D9F986D29E45CFC00E67AC8 /* SuperDateUtil.h */ = {isa = PBXFileReference; lastKnownFileType = sourcecode.c.h; path = SuperDateUtil.h; sourceTree = "<group>"; };
		8D9F986E29E45CFC00E67AC8 /* SuperDateUtil.m */ = {isa = PBXFileReference; lastKnownFileType = sourcecode.c.objc; path = SuperDateUtil.m; sourceTree = "<group>"; };
		8D9F987229E465F300E67AC8 /* zh-Hans */ = {isa = PBXFileReference; lastKnownFileType = text.plist.strings; name = "zh-Hans"; path = "zh-Hans.lproj/LaunchScreen.strings"; sourceTree = "<group>"; };
		8D9F987429E4661700E67AC8 /* zh-Hans */ = {isa = PBXFileReference; lastKnownFileType = text.plist.strings; name = "zh-Hans"; path = "zh-Hans.lproj/Localizable.strings"; sourceTree = "<group>"; };
		8D9F987729E4665A00E67AC8 /* en */ = {isa = PBXFileReference; lastKnownFileType = text.plist.strings; name = en; path = en.lproj/LaunchScreen.strings; sourceTree = "<group>"; };
		8D9F987829E4667A00E67AC8 /* en */ = {isa = PBXFileReference; lastKnownFileType = text.plist.strings; name = en; path = en.lproj/Localizable.strings; sourceTree = "<group>"; };
		8D9F987C29E46FD400E67AC8 /* en */ = {isa = PBXFileReference; lastKnownFileType = text.plist.strings; name = en; path = en.lproj/InfoPlist.strings; sourceTree = "<group>"; };
		8D9F987E29E46FD800E67AC8 /* zh-Hans */ = {isa = PBXFileReference; lastKnownFileType = text.plist.strings; name = "zh-Hans"; path = "zh-Hans.lproj/InfoPlist.strings"; sourceTree = "<group>"; };
		8D9F988029E4776500E67AC8 /* R.h */ = {isa = PBXFileReference; fileEncoding = 4; lastKnownFileType = sourcecode.c.h; path = R.h; sourceTree = SOURCE_ROOT; };
		8D9F988129E4776500E67AC8 /* R.m */ = {isa = PBXFileReference; fileEncoding = 4; lastKnownFileType = sourcecode.c.objc; path = R.m; sourceTree = SOURCE_ROOT; };
		8D9F988529E509D300E67AC8 /* UIColor+Hex.h */ = {isa = PBXFileReference; lastKnownFileType = sourcecode.c.h; path = "UIColor+Hex.h"; sourceTree = "<group>"; };
		8D9F988629E509D300E67AC8 /* UIColor+Hex.m */ = {isa = PBXFileReference; lastKnownFileType = sourcecode.c.objc; path = "UIColor+Hex.m"; sourceTree = "<group>"; };
		8D9F988929E50C8300E67AC8 /* UIColor+Config.h */ = {isa = PBXFileReference; lastKnownFileType = sourcecode.c.h; path = "UIColor+Config.h"; sourceTree = "<group>"; };
		8D9F988A29E50C8300E67AC8 /* UIColor+Config.m */ = {isa = PBXFileReference; lastKnownFileType = sourcecode.c.objc; path = "UIColor+Config.m"; sourceTree = "<group>"; };
		8D9F988C29E50F3A00E67AC8 /* UIColor+Theme.h */ = {isa = PBXFileReference; lastKnownFileType = sourcecode.c.h; path = "UIColor+Theme.h"; sourceTree = "<group>"; };
		8D9F988D29E50F3A00E67AC8 /* UIColor+Theme.m */ = {isa = PBXFileReference; lastKnownFileType = sourcecode.c.objc; path = "UIColor+Theme.m"; sourceTree = "<group>"; };
		8D9F988F29E5101B00E67AC8 /* UIColor+SuperUI.h */ = {isa = PBXFileReference; lastKnownFileType = sourcecode.c.h; path = "UIColor+SuperUI.h"; sourceTree = "<group>"; };
		8D9F989029E5101B00E67AC8 /* UIColor+SuperUI.m */ = {isa = PBXFileReference; lastKnownFileType = sourcecode.c.objc; path = "UIColor+SuperUI.m"; sourceTree = "<group>"; };
		8D9F989329E52CC100E67AC8 /* BaseController.h */ = {isa = PBXFileReference; lastKnownFileType = sourcecode.c.h; path = BaseController.h; sourceTree = "<group>"; };
		8D9F989429E52CC100E67AC8 /* BaseController.m */ = {isa = PBXFileReference; lastKnownFileType = sourcecode.c.objc; path = BaseController.m; sourceTree = "<group>"; };
		8D9F989629E52D6B00E67AC8 /* BaseCommonController.h */ = {isa = PBXFileReference; lastKnownFileType = sourcecode.c.h; path = BaseCommonController.h; sourceTree = "<group>"; };
		8D9F989729E52D6B00E67AC8 /* BaseCommonController.m */ = {isa = PBXFileReference; lastKnownFileType = sourcecode.c.objc; path = BaseCommonController.m; sourceTree = "<group>"; };
		8D9F989929E52DEC00E67AC8 /* BaseLogicController.h */ = {isa = PBXFileReference; lastKnownFileType = sourcecode.c.h; path = BaseLogicController.h; sourceTree = "<group>"; };
		8D9F989A29E52DEC00E67AC8 /* BaseLogicController.m */ = {isa = PBXFileReference; lastKnownFileType = sourcecode.c.objc; path = BaseLogicController.m; sourceTree = "<group>"; };
		8DE85D0F29E8EC0A004E22DB /* PlaceholderView.h */ = {isa = PBXFileReference; lastKnownFileType = sourcecode.c.h; path = PlaceholderView.h; sourceTree = "<group>"; };
		8DE85D1029E8EC0A004E22DB /* PlaceholderView.m */ = {isa = PBXFileReference; lastKnownFileType = sourcecode.c.objc; path = PlaceholderView.m; sourceTree = "<group>"; };
		8DE85D1429E8F1A9004E22DB /* StringUtil.h */ = {isa = PBXFileReference; lastKnownFileType = sourcecode.c.h; path = StringUtil.h; sourceTree = "<group>"; };
		8DE85D1529E8F1A9004E22DB /* StringUtil.m */ = {isa = PBXFileReference; lastKnownFileType = sourcecode.c.objc; path = StringUtil.m; sourceTree = "<group>"; };
		8DE85D1929E8FDFD004E22DB /* SuperToast.h */ = {isa = PBXFileReference; lastKnownFileType = sourcecode.c.h; path = SuperToast.h; sourceTree = "<group>"; };
		8DE85D1A29E8FDFD004E22DB /* SuperToast.m */ = {isa = PBXFileReference; lastKnownFileType = sourcecode.c.objc; path = SuperToast.m; sourceTree = "<group>"; };
		8DE85D1C29E92207004E22DB /* TipUtil.h */ = {isa = PBXFileReference; lastKnownFileType = sourcecode.c.h; path = TipUtil.h; sourceTree = "<group>"; };
		8DE85D1D29E92207004E22DB /* TipUtil.m */ = {isa = PBXFileReference; lastKnownFileType = sourcecode.c.objc; path = TipUtil.m; sourceTree = "<group>"; };
		8DE85D2629E93160004E22DB /* FeedController.h */ = {isa = PBXFileReference; lastKnownFileType = sourcecode.c.h; path = FeedController.h; sourceTree = "<group>"; };
		8DE85D2729E93160004E22DB /* FeedController.m */ = {isa = PBXFileReference; lastKnownFileType = sourcecode.c.objc; path = FeedController.m; sourceTree = "<group>"; };
		8DE85D2B29E931C7004E22DB /* MainController.h */ = {isa = PBXFileReference; lastKnownFileType = sourcecode.c.h; path = MainController.h; sourceTree = "<group>"; };
		8DE85D2C29E931C7004E22DB /* MainController.m */ = {isa = PBXFileReference; lastKnownFileType = sourcecode.c.objc; path = MainController.m; sourceTree = "<group>"; };
		8DE85D3029E9321A004E22DB /* MeController.h */ = {isa = PBXFileReference; lastKnownFileType = sourcecode.c.h; path = MeController.h; sourceTree = "<group>"; };
		8DE85D3129E9321A004E22DB /* MeController.m */ = {isa = PBXFileReference; lastKnownFileType = sourcecode.c.objc; path = MeController.m; sourceTree = "<group>"; };
		8DE85D3529E93245004E22DB /* RoomController.h */ = {isa = PBXFileReference; lastKnownFileType = sourcecode.c.h; path = RoomController.h; sourceTree = "<group>"; };
		8DE85D3629E93245004E22DB /* RoomController.m */ = {isa = PBXFileReference; lastKnownFileType = sourcecode.c.objc; path = RoomController.m; sourceTree = "<group>"; };
		8DE85D3929E932B4004E22DB /* VideoController.h */ = {isa = PBXFileReference; lastKnownFileType = sourcecode.c.h; path = VideoController.h; sourceTree = "<group>"; };
		8DE85D3A29E932B4004E22DB /* VideoController.m */ = {isa = PBXFileReference; lastKnownFileType = sourcecode.c.objc; path = VideoController.m; sourceTree = "<group>"; };
		8DE85D3C29E9335A004E22DB /* DiscoveryController.h */ = {isa = PBXFileReference; lastKnownFileType = sourcecode.c.h; path = DiscoveryController.h; sourceTree = "<group>"; };
		8DE85D3D29E9335A004E22DB /* DiscoveryController.m */ = {isa = PBXFileReference; lastKnownFileType = sourcecode.c.objc; path = DiscoveryController.m; sourceTree = "<group>"; };
		8DE85D4029E933A2004E22DB /* UIImage+SuperUI.h */ = {isa = PBXFileReference; lastKnownFileType = sourcecode.c.h; path = "UIImage+SuperUI.h"; sourceTree = "<group>"; };
		8DE85D4129E933A2004E22DB /* UIImage+SuperUI.m */ = {isa = PBXFileReference; lastKnownFileType = sourcecode.c.objc; path = "UIImage+SuperUI.m"; sourceTree = "<group>"; };
		8DE85D4529E940B9004E22DB /* Ad.h */ = {isa = PBXFileReference; lastKnownFileType = sourcecode.c.h; path = Ad.h; sourceTree = "<group>"; };
		8DE85D4629E940B9004E22DB /* Ad.m */ = {isa = PBXFileReference; lastKnownFileType = sourcecode.c.objc; path = Ad.m; sourceTree = "<group>"; };
		DD39585A1CA2DCD7AF36F5A4 /* Pods-MyCloudMusic.debug.xcconfig */ = {isa = PBXFileReference; includeInIndex = 1; lastKnownFileType = text.xcconfig; name = "Pods-MyCloudMusic.debug.xcconfig"; path = "Pods/Target Support Files/Pods-MyCloudMusic/Pods-MyCloudMusic.debug.xcconfig"; sourceTree = "<group>"; };
/* End PBXFileReference section */

/* Begin PBXFrameworksBuildPhase section */
		8D9F984429E3FC8700E67AC8 /* Frameworks */ = {
			isa = PBXFrameworksBuildPhase;
			buildActionMask = 2147483647;
			files = (
				0602A4EE73EEB0661ECEBA5B /* libPods-MyCloudMusic.a in Frameworks */,
			);
			runOnlyForDeploymentPostprocessing = 0;
		};
/* End PBXFrameworksBuildPhase section */

/* Begin PBXGroup section */
		0F6DC39035D3A544FD33E72A /* Frameworks */ = {
			isa = PBXGroup;
			children = (
				67C5AE3070E486CA48E76613 /* libPods-MyCloudMusic.a */,
			);
			name = Frameworks;
			sourceTree = "<group>";
		};
		8D0FB0EE29EC0E620074AA6B /* Model */ = {
			isa = PBXGroup;
			children = (
				8D75612529F7BCA50027F959 /* Event */,
				8D0FB0EF29EC0E8F0074AA6B /* BannerData.h */,
				8D0FB0F029EC0E8F0074AA6B /* BannerData.m */,
				8D7560F029F616690027F959 /* ButtonData.h */,
				8D7560F129F616690027F959 /* ButtonData.m */,
				8D7560F329F616DA0027F959 /* IconTitleButtonData.h */,
				8D7560F429F616DA0027F959 /* IconTitleButtonData.m */,
				8D7560FD29F655680027F959 /* SheetData.h */,
				8D7560FE29F655680027F959 /* SheetData.m */,
				8D75611829F7752B0027F959 /* SongData.h */,
				8D75611929F7752B0027F959 /* SongData.m */,
			);
			path = Model;
			sourceTree = "<group>";
		};
		8D42F92F29E801FD009B9788 /* Repository */ = {
			isa = PBXGroup;
			children = (
				8D42F93029E8021B009B9788 /* DefaultRepository.h */,
				8D42F93129E8021B009B9788 /* DefaultRepository.m */,
			);
			path = Repository;
			sourceTree = "<group>";
		};
		8D7560DA29F23C3C0027F959 /* Cell */ = {
			isa = PBXGroup;
			children = (
				8D7560DB29F23C620027F959 /* BaseTableViewCell.h */,
				8D7560DC29F23C620027F959 /* BaseTableViewCell.m */,
				8D75610929F66B4B0027F959 /* BaseCollectionViewCell.h */,
				8D75610A29F66B4B0027F959 /* BaseCollectionViewCell.m */,
			);
			path = Cell;
			sourceTree = "<group>";
		};
		8D7560DE29F240810027F959 /* Cell */ = {
			isa = PBXGroup;
			children = (
				8D7560DF29F240AA0027F959 /* BannerCell.h */,
				8D7560E029F240AA0027F959 /* BannerCell.m */,
				8D7560ED29F5096B0027F959 /* DiscoveryButtonCell.h */,
				8D7560EE29F5096B0027F959 /* DiscoveryButtonCell.m */,
				8D7560FA29F653FF0027F959 /* SheetGroupCell.h */,
				8D7560FB29F653FF0027F959 /* SheetGroupCell.m */,
				8D75611229F774870027F959 /* DiscoverySongCell.h */,
				8D75611329F774870027F959 /* DiscoverySongCell.m */,
				8D75611529F774CA0027F959 /* SongGroupCell.h */,
				8D75611629F774CA0027F959 /* SongGroupCell.m */,
			);
			path = Cell;
			sourceTree = "<group>";
		};
		8D7560E529F4DDCF0027F959 /* Event */ = {
			isa = PBXGroup;
			children = (
				8D7560E629F4DDF90027F959 /* BannerClickEvent.h */,
				8D7560E729F4DDF90027F959 /* BannerClickEvent.m */,
			);
			path = Event;
			sourceTree = "<group>";
		};
		8D7560E929F4E55F0027F959 /* View */ = {
			isa = PBXGroup;
			children = (
				8D7560EA29F4E5770027F959 /* UIView+SuperUI.h */,
				8D7560EB29F4E5770027F959 /* UIView+SuperUI.m */,
			);
			path = View;
			sourceTree = "<group>";
		};
		8D7560F629F623470027F959 /* View */ = {
			isa = PBXGroup;
			children = (
				8D7560F729F623670027F959 /* DiscoveryButtonView.h */,
				8D7560F829F623670027F959 /* DiscoveryButtonView.m */,
				8D75610429F660A60027F959 /* ItemTitleView.h */,
				8D75610529F660A60027F959 /* ItemTitleView.m */,
			);
			path = View;
			sourceTree = "<group>";
		};
		8D75610029F656200027F959 /* Sheet */ = {
			isa = PBXGroup;
			children = (
				8D75610829F6656F0027F959 /* Cell */,
				8D75610729F6655E0027F959 /* Model */,
			);
			path = Sheet;
			sourceTree = "<group>";
		};
		8D75610729F6655E0027F959 /* Model */ = {
			isa = PBXGroup;
			children = (
				8D75610129F656470027F959 /* Sheet.h */,
				8D75610229F656470027F959 /* Sheet.m */,
			);
			path = Model;
			sourceTree = "<group>";
		};
		8D75610829F6656F0027F959 /* Cell */ = {
			isa = PBXGroup;
			children = (
				8D75610C29F66CD90027F959 /* SheetCell.h */,
				8D75610D29F66CD90027F959 /* SheetCell.m */,
			);
			path = Cell;
			sourceTree = "<group>";
		};
		8D75611B29F7754D0027F959 /* Song */ = {
			isa = PBXGroup;
			children = (
				8D75611C29F775570027F959 /* Model */,
			);
			path = Song;
			sourceTree = "<group>";
		};
		8D75611C29F775570027F959 /* Model */ = {
			isa = PBXGroup;
			children = (
				8D75611D29F775700027F959 /* Song.h */,
				8D75611E29F775700027F959 /* Song.m */,
			);
			path = Model;
			sourceTree = "<group>";
		};
		8D75612029F7A2660027F959 /* User */ = {
			isa = PBXGroup;
			children = (
				8D75612129F7A26C0027F959 /* Model */,
			);
			path = User;
			sourceTree = "<group>";
		};
		8D75612129F7A26C0027F959 /* Model */ = {
			isa = PBXGroup;
			children = (
				8D75612229F7A2990027F959 /* User.h */,
				8D75612329F7A2990027F959 /* User.m */,
			);
			path = Model;
			sourceTree = "<group>";
		};
		8D75612529F7BCA50027F959 /* Event */ = {
			isa = PBXGroup;
			children = (
				8D75612629F7BCC50027F959 /* ClickEvent.h */,
				8D75612729F7BCC50027F959 /* ClickEvent.m */,
			);
			path = Event;
			sourceTree = "<group>";
		};
		8D75612929F7C0E00027F959 /* ToolBarView */ = {
			isa = PBXGroup;
			children = (
				8D75612A29F7C0FF0027F959 /* SuperToolbarView.h */,
				8D75612B29F7C0FF0027F959 /* SuperToolbarView.m */,
			);
			path = ToolBarView;
			sourceTree = "<group>";
		};
		8D75613329F8FEA10027F959 /* Web */ = {
			isa = PBXGroup;
			children = (
				8D75613429F8FEB80027F959 /* SuperWebController.h */,
				8D75613529F8FEB80027F959 /* SuperWebController.m */,
			);
			path = Web;
			sourceTree = "<group>";
		};
		8D9DC79D29E555CF0025F4C4 /* Util */ = {
			isa = PBXGroup;
			children = (
				8D9DC79E29E555E30025F4C4 /* ViewFactoryUtil.h */,
				8D9DC79F29E555E30025F4C4 /* ViewFactoryUtil.m */,
				8D9DC7A129E5566E0025F4C4 /* Constant.h */,
				8D9DC7A229E567280025F4C4 /* DefaultPreferenceUtil.h */,
				8D9DC7A329E567280025F4C4 /* DefaultPreferenceUtil.m */,
				8DE85D1C29E92207004E22DB /* TipUtil.h */,
				8DE85D1D29E92207004E22DB /* TipUtil.m */,
				8D7560E229F257310027F959 /* ResourceUtil.h */,
				8D7560E329F257310027F959 /* ResourceUtil.m */,
				8D75610F29F675080027F959 /* ImageUtil.h */,
				8D75611029F675080027F959 /* ImageUtil.m */,
			);
			path = Util;
			sourceTree = "<group>";
		};
		8D9DC7A629E652FD0025F4C4 /* Guide */ = {
			isa = PBXGroup;
			children = (
				8D9DC7A729E653100025F4C4 /* Controller */,
			);
			path = Guide;
			sourceTree = "<group>";
		};
		8D9DC7A729E653100025F4C4 /* Controller */ = {
			isa = PBXGroup;
			children = (
				8D9DC7A829E653420025F4C4 /* GuideController.h */,
				8D9DC7A929E653420025F4C4 /* GuideController.m */,
			);
			path = Controller;
			sourceTree = "<group>";
		};
		8D9DC7AE29E6AF340025F4C4 /* MSNetwork */ = {
			isa = PBXGroup;
			children = (
				8D9DC7AF29E6AF690025F4C4 /* MSNetwork.h */,
				8D9DC7B029E6AF690025F4C4 /* MSNetwork.m */,
			);
			path = MSNetwork;
			sourceTree = "<group>";
		};
		8D9DC7B229E7DDF10025F4C4 /* NetWork */ = {
			isa = PBXGroup;
			children = (
				8D9DC7B329E7DE1A0025F4C4 /* SuperHttpUtil.h */,
				8D9DC7B429E7DE1A0025F4C4 /* SuperHttpUtil.m */,
			);
			path = NetWork;
			sourceTree = "<group>";
		};
		8D9DC7B629E7E02E0025F4C4 /* Model */ = {
			isa = PBXGroup;
			children = (
				8D9DC7B729E7E03A0025F4C4 /* Response */,
				8D9DC7BB29E7E1E20025F4C4 /* SuperBase.h */,
				8D9DC7BC29E7E1E20025F4C4 /* SuperBase.m */,
				8D9DC7C129E7EC440025F4C4 /* SuperBaseId.h */,
				8D9DC7C229E7EC440025F4C4 /* SuperBaseId.m */,
				8D9DC7CC29E7ED4F0025F4C4 /* SuperCommon.h */,
				8D9DC7CD29E7ED4F0025F4C4 /* SuperCommon.m */,
			);
			path = Model;
			sourceTree = "<group>";
		};
		8D9DC7B729E7E03A0025F4C4 /* Response */ = {
			isa = PBXGroup;
			children = (
				8D9DC7B829E7E04D0025F4C4 /* BaseResponse.h */,
				8D9DC7B929E7E04D0025F4C4 /* BaseResponse.m */,
				8D9DC7BE29E7E2BE0025F4C4 /* Meta.h */,
				8D9DC7BF29E7E2BE0025F4C4 /* Meta.m */,
			);
			path = Response;
			sourceTree = "<group>";
		};
		8D9DC7C729E7ECC40025F4C4 /* Video */ = {
			isa = PBXGroup;
			children = (
				8DE85D3829E9328C004E22DB /* Controller */,
				8D9DC7C829E7ECCE0025F4C4 /* Model */,
			);
			path = Video;
			sourceTree = "<group>";
		};
		8D9DC7C829E7ECCE0025F4C4 /* Model */ = {
			isa = PBXGroup;
			children = (
				8D9DC7CF29E7ED9D0025F4C4 /* Video.h */,
				8D9DC7D029E7ED9D0025F4C4 /* Video.m */,
			);
			path = Model;
			sourceTree = "<group>";
		};
		8D9F983E29E3FC8700E67AC8 = {
			isa = PBXGroup;
			children = (
				8D9F984929E3FC8700E67AC8 /* MyCloudMusic */,
				8D9F984829E3FC8700E67AC8 /* Products */,
				A23E75ECDDCCDD3F1EE0EA06 /* Pods */,
				0F6DC39035D3A544FD33E72A /* Frameworks */,
			);
			sourceTree = "<group>";
		};
		8D9F984829E3FC8700E67AC8 /* Products */ = {
			isa = PBXGroup;
			children = (
				8D9F984729E3FC8700E67AC8 /* MyCloudMusic.app */,
			);
			name = Products;
			sourceTree = "<group>";
		};
		8D9F984929E3FC8700E67AC8 /* MyCloudMusic */ = {
			isa = PBXGroup;
			children = (
				8D7560DA29F23C3C0027F959 /* Cell */,
				8DE85D0E29E8EBED004E22DB /* View */,
				8D42F92F29E801FD009B9788 /* Repository */,
				8D9DC7B629E7E02E0025F4C4 /* Model */,
				8D9DC7B229E7DDF10025F4C4 /* NetWork */,
				8D9DC79D29E555CF0025F4C4 /* Util */,
				8D9F989229E52C9600E67AC8 /* Controller */,
				8D9F988829E50C6000E67AC8 /* Config */,
				8D9F986B29E45BFE00E67AC8 /* Vender */,
				8D9F986629E3FD5C00E67AC8 /* Component */,
				8D9F984A29E3FC8700E67AC8 /* AppDelegate.h */,
				8D9F984B29E3FC8700E67AC8 /* AppDelegate.m */,
				8D9F985029E3FC8700E67AC8 /* ViewController.h */,
				8D9F985129E3FC8700E67AC8 /* ViewController.m */,
				8D9F985929E3FC8700E67AC8 /* Assets.xcassets */,
				8D9F985B29E3FC8700E67AC8 /* LaunchScreen.storyboard */,
				8D9F985E29E3FC8700E67AC8 /* Info.plist */,
				8D9F985F29E3FC8700E67AC8 /* main.m */,
				8D9F985629E3FC8700E67AC8 /* MyCloudMusic.xcdatamodeld */,
				8D9F988029E4776500E67AC8 /* R.h */,
				8D9F988129E4776500E67AC8 /* R.m */,
				8D9F987529E4661700E67AC8 /* Localizable.strings */,
				8D9F987D29E46FD400E67AC8 /* InfoPlist.strings */,
				8D9DC7A529E64B350025F4C4 /* PrefixHeader.pch */,
			);
			path = MyCloudMusic;
			sourceTree = "<group>";
		};
		8D9F986629E3FD5C00E67AC8 /* Component */ = {
			isa = PBXGroup;
			children = (
				8D75612029F7A2660027F959 /* User */,
				8D75611B29F7754D0027F959 /* Song */,
				8D75610029F656200027F959 /* Sheet */,
				8DE85D4329E9408E004E22DB /* Ad */,
				8DE85D3329E93229004E22DB /* Room */,
				8DE85D2E29E931EC004E22DB /* New Group */,
				8DE85D2929E93197004E22DB /* Main */,
				8DE85D2429E9313F004E22DB /* Feed */,
				8DE85D1F29E93062004E22DB /* Discovery */,
				8D9DC7C729E7ECC40025F4C4 /* Video */,
				8D9DC7A629E652FD0025F4C4 /* Guide */,
				8D9F986729E3FD6800E67AC8 /* SplashController */,
			);
			path = Component;
			sourceTree = "<group>";
		};
		8D9F986729E3FD6800E67AC8 /* SplashController */ = {
			isa = PBXGroup;
			children = (
				8D9F986829E3FD7E00E67AC8 /* SplashViewController.h */,
				8D9F986929E3FD7E00E67AC8 /* SplashViewController.m */,
				8D9DC79A29E549B60025F4C4 /* TermServiceDialogController.h */,
				8D9DC79B29E549B60025F4C4 /* TermServiceDialogController.m */,
			);
			path = SplashController;
			sourceTree = "<group>";
		};
		8D9F986B29E45BFE00E67AC8 /* Vender */ = {
			isa = PBXGroup;
			children = (
				8DE85D1229E8EF9C004E22DB /* SuperOC */,
				8D9DC7AE29E6AF340025F4C4 /* MSNetwork */,
				8D9F986C29E45CB900E67AC8 /* SuperUI */,
			);
			path = Vender;
			sourceTree = "<group>";
		};
		8D9F986C29E45CB900E67AC8 /* SuperUI */ = {
			isa = PBXGroup;
			children = (
				8D75613329F8FEA10027F959 /* Web */,
				8D75612929F7C0E00027F959 /* ToolBarView */,
				8D7560E929F4E55F0027F959 /* View */,
				8DE85D3F29E93386004E22DB /* Image */,
				8DE85D1729E8FDD7004E22DB /* Toast */,
				8D9F988429E5098C00E67AC8 /* Color */,
				8D9F988329E5097E00E67AC8 /* Date */,
			);
			path = SuperUI;
			sourceTree = "<group>";
		};
		8D9F988329E5097E00E67AC8 /* Date */ = {
			isa = PBXGroup;
			children = (
				8D9F986D29E45CFC00E67AC8 /* SuperDateUtil.h */,
				8D9F986E29E45CFC00E67AC8 /* SuperDateUtil.m */,
			);
			path = Date;
			sourceTree = "<group>";
		};
		8D9F988429E5098C00E67AC8 /* Color */ = {
			isa = PBXGroup;
			children = (
				8D9F988529E509D300E67AC8 /* UIColor+Hex.h */,
				8D9F988629E509D300E67AC8 /* UIColor+Hex.m */,
				8D9F988F29E5101B00E67AC8 /* UIColor+SuperUI.h */,
				8D9F989029E5101B00E67AC8 /* UIColor+SuperUI.m */,
			);
			path = Color;
			sourceTree = "<group>";
		};
		8D9F988829E50C6000E67AC8 /* Config */ = {
			isa = PBXGroup;
			children = (
				8D9F988929E50C8300E67AC8 /* UIColor+Config.h */,
				8D9F988A29E50C8300E67AC8 /* UIColor+Config.m */,
				8D9F988C29E50F3A00E67AC8 /* UIColor+Theme.h */,
				8D9F988D29E50F3A00E67AC8 /* UIColor+Theme.m */,
				8D9DC7AB29E6AD400025F4C4 /* Config.h */,
				8D9DC7AC29E6AD400025F4C4 /* Config.m */,
			);
			path = Config;
			sourceTree = "<group>";
		};
		8D9F989229E52C9600E67AC8 /* Controller */ = {
			isa = PBXGroup;
			children = (
				8D9F989329E52CC100E67AC8 /* BaseController.h */,
				8D9F989429E52CC100E67AC8 /* BaseController.m */,
				8D9F989629E52D6B00E67AC8 /* BaseCommonController.h */,
				8D9F989729E52D6B00E67AC8 /* BaseCommonController.m */,
				8D9F989929E52DEC00E67AC8 /* BaseLogicController.h */,
				8D9F989A29E52DEC00E67AC8 /* BaseLogicController.m */,
				8D75612D29F7C5EC0027F959 /* BaseTitleController.h */,
				8D75612E29F7C5EC0027F959 /* BaseTitleController.m */,
			);
			path = Controller;
			sourceTree = "<group>";
		};
		8DE85D0E29E8EBED004E22DB /* View */ = {
			isa = PBXGroup;
			children = (
				8DE85D0F29E8EC0A004E22DB /* PlaceholderView.h */,
				8DE85D1029E8EC0A004E22DB /* PlaceholderView.m */,
			);
			path = View;
			sourceTree = "<group>";
		};
		8DE85D1229E8EF9C004E22DB /* SuperOC */ = {
			isa = PBXGroup;
			children = (
				8DE85D1329E8EFA8004E22DB /* Util */,
			);
			path = SuperOC;
			sourceTree = "<group>";
		};
		8DE85D1329E8EFA8004E22DB /* Util */ = {
			isa = PBXGroup;
			children = (
				8DE85D1429E8F1A9004E22DB /* StringUtil.h */,
				8DE85D1529E8F1A9004E22DB /* StringUtil.m */,
			);
			path = Util;
			sourceTree = "<group>";
		};
		8DE85D1729E8FDD7004E22DB /* Toast */ = {
			isa = PBXGroup;
			children = (
				8DE85D1929E8FDFD004E22DB /* SuperToast.h */,
				8DE85D1A29E8FDFD004E22DB /* SuperToast.m */,
			);
			path = Toast;
			sourceTree = "<group>";
		};
		8DE85D1F29E93062004E22DB /* Discovery */ = {
			isa = PBXGroup;
			children = (
				8D7560F629F623470027F959 /* View */,
				8D7560DE29F240810027F959 /* Cell */,
				8D0FB0EE29EC0E620074AA6B /* Model */,
				8DE85D2029E93078004E22DB /* Controller */,
			);
			path = Discovery;
			sourceTree = "<group>";
		};
		8DE85D2029E93078004E22DB /* Controller */ = {
			isa = PBXGroup;
			children = (
				8DE85D3C29E9335A004E22DB /* DiscoveryController.h */,
				8DE85D3D29E9335A004E22DB /* DiscoveryController.m */,
			);
			path = Controller;
			sourceTree = "<group>";
		};
		8DE85D2429E9313F004E22DB /* Feed */ = {
			isa = PBXGroup;
			children = (
				8DE85D2529E93148004E22DB /* Controller */,
			);
			path = Feed;
			sourceTree = "<group>";
		};
		8DE85D2529E93148004E22DB /* Controller */ = {
			isa = PBXGroup;
			children = (
				8DE85D2629E93160004E22DB /* FeedController.h */,
				8DE85D2729E93160004E22DB /* FeedController.m */,
			);
			path = Controller;
			sourceTree = "<group>";
		};
		8DE85D2929E93197004E22DB /* Main */ = {
			isa = PBXGroup;
			children = (
				8DE85D2A29E931A1004E22DB /* Controller */,
			);
			path = Main;
			sourceTree = "<group>";
		};
		8DE85D2A29E931A1004E22DB /* Controller */ = {
			isa = PBXGroup;
			children = (
				8DE85D2B29E931C7004E22DB /* MainController.h */,
				8DE85D2C29E931C7004E22DB /* MainController.m */,
				8D75613029F8C8250027F959 /* BaseMainController.h */,
				8D75613129F8C8250027F959 /* BaseMainController.m */,
			);
			path = Controller;
			sourceTree = "<group>";
		};
		8DE85D2E29E931EC004E22DB /* New Group */ = {
			isa = PBXGroup;
			children = (
				8DE85D2F29E931FC004E22DB /* Controller */,
			);
			path = "New Group";
			sourceTree = "<group>";
		};
		8DE85D2F29E931FC004E22DB /* Controller */ = {
			isa = PBXGroup;
			children = (
				8DE85D3029E9321A004E22DB /* MeController.h */,
				8DE85D3129E9321A004E22DB /* MeController.m */,
			);
			path = Controller;
			sourceTree = "<group>";
		};
		8DE85D3329E93229004E22DB /* Room */ = {
			isa = PBXGroup;
			children = (
				8DE85D3429E9322F004E22DB /* Controller */,
			);
			path = Room;
			sourceTree = "<group>";
		};
		8DE85D3429E9322F004E22DB /* Controller */ = {
			isa = PBXGroup;
			children = (
				8DE85D3529E93245004E22DB /* RoomController.h */,
				8DE85D3629E93245004E22DB /* RoomController.m */,
			);
			path = Controller;
			sourceTree = "<group>";
		};
		8DE85D3829E9328C004E22DB /* Controller */ = {
			isa = PBXGroup;
			children = (
				8DE85D3929E932B4004E22DB /* VideoController.h */,
				8DE85D3A29E932B4004E22DB /* VideoController.m */,
			);
			path = Controller;
			sourceTree = "<group>";
		};
		8DE85D3F29E93386004E22DB /* Image */ = {
			isa = PBXGroup;
			children = (
				8DE85D4029E933A2004E22DB /* UIImage+SuperUI.h */,
				8DE85D4129E933A2004E22DB /* UIImage+SuperUI.m */,
			);
			path = Image;
			sourceTree = "<group>";
		};
		8DE85D4329E9408E004E22DB /* Ad */ = {
			isa = PBXGroup;
			children = (
				8DE85D4429E94093004E22DB /* Model */,
			);
			path = Ad;
			sourceTree = "<group>";
		};
		8DE85D4429E94093004E22DB /* Model */ = {
			isa = PBXGroup;
			children = (
				8D7560E529F4DDCF0027F959 /* Event */,
				8DE85D4529E940B9004E22DB /* Ad.h */,
				8DE85D4629E940B9004E22DB /* Ad.m */,
			);
			path = Model;
			sourceTree = "<group>";
		};
		A23E75ECDDCCDD3F1EE0EA06 /* Pods */ = {
			isa = PBXGroup;
			children = (
				DD39585A1CA2DCD7AF36F5A4 /* Pods-MyCloudMusic.debug.xcconfig */,
				8558CA7B62B1D206278AC68E /* Pods-MyCloudMusic.release.xcconfig */,
			);
			name = Pods;
			sourceTree = "<group>";
		};
/* End PBXGroup section */

/* Begin PBXNativeTarget section */
		8D9F984629E3FC8700E67AC8 /* MyCloudMusic */ = {
			isa = PBXNativeTarget;
			buildConfigurationList = 8D9F986329E3FC8700E67AC8 /* Build configuration list for PBXNativeTarget "MyCloudMusic" */;
			buildPhases = (
				1A2AB049FC0975890808244F /* [CP] Check Pods Manifest.lock */,
				8D9F987F29E4759F00E67AC8 /* ShellScript */,
				8D9F984329E3FC8700E67AC8 /* Sources */,
				8D9F984429E3FC8700E67AC8 /* Frameworks */,
				8D9F984529E3FC8700E67AC8 /* Resources */,
				7D8D5F6BA441A55B29F67FED /* [CP] Copy Pods Resources */,
			);
			buildRules = (
			);
			dependencies = (
			);
			name = MyCloudMusic;
			productName = MyCloudMusic;
			productReference = 8D9F984729E3FC8700E67AC8 /* MyCloudMusic.app */;
			productType = "com.apple.product-type.application";
		};
/* End PBXNativeTarget section */

/* Begin PBXProject section */
		8D9F983F29E3FC8700E67AC8 /* Project object */ = {
			isa = PBXProject;
			attributes = {
				BuildIndependentTargetsInParallel = 1;
				LastUpgradeCheck = 1430;
				TargetAttributes = {
					8D9F984629E3FC8700E67AC8 = {
						CreatedOnToolsVersion = 14.3;
					};
				};
			};
			buildConfigurationList = 8D9F984229E3FC8700E67AC8 /* Build configuration list for PBXProject "MyCloudMusic" */;
			compatibilityVersion = "Xcode 14.0";
			developmentRegion = en;
			hasScannedForEncodings = 0;
			knownRegions = (
				en,
				Base,
				"zh-Hans",
			);
			mainGroup = 8D9F983E29E3FC8700E67AC8;
			productRefGroup = 8D9F984829E3FC8700E67AC8 /* Products */;
			projectDirPath = "";
			projectRoot = "";
			targets = (
				8D9F984629E3FC8700E67AC8 /* MyCloudMusic */,
			);
		};
/* End PBXProject section */

/* Begin PBXResourcesBuildPhase section */
		8D9F984529E3FC8700E67AC8 /* Resources */ = {
			isa = PBXResourcesBuildPhase;
			buildActionMask = 2147483647;
			files = (
				8D9F985D29E3FC8700E67AC8 /* LaunchScreen.storyboard in Resources */,
				8D9F987B29E46FD400E67AC8 /* InfoPlist.strings in Resources */,
				8D9F987329E4661700E67AC8 /* Localizable.strings in Resources */,
				8D9F985A29E3FC8700E67AC8 /* Assets.xcassets in Resources */,
			);
			runOnlyForDeploymentPostprocessing = 0;
		};
/* End PBXResourcesBuildPhase section */

/* Begin PBXShellScriptBuildPhase section */
		1A2AB049FC0975890808244F /* [CP] Check Pods Manifest.lock */ = {
			isa = PBXShellScriptBuildPhase;
			buildActionMask = 2147483647;
			files = (
			);
			inputFileListPaths = (
			);
			inputPaths = (
				"${PODS_PODFILE_DIR_PATH}/Podfile.lock",
				"${PODS_ROOT}/Manifest.lock",
			);
			name = "[CP] Check Pods Manifest.lock";
			outputFileListPaths = (
			);
			outputPaths = (
				"$(DERIVED_FILE_DIR)/Pods-MyCloudMusic-checkManifestLockResult.txt",
			);
			runOnlyForDeploymentPostprocessing = 0;
			shellPath = /bin/sh;
			shellScript = "diff \"${PODS_PODFILE_DIR_PATH}/Podfile.lock\" \"${PODS_ROOT}/Manifest.lock\" > /dev/null\nif [ $? != 0 ] ; then\n    # print error to STDERR\n    echo \"error: The sandbox is not in sync with the Podfile.lock. Run 'pod install' or update your CocoaPods installation.\" >&2\n    exit 1\nfi\n# This output is used by Xcode 'outputs' to avoid re-running this script phase.\necho \"SUCCESS\" > \"${SCRIPT_OUTPUT_FILE_0}\"\n";
			showEnvVarsInLog = 0;
		};
		7D8D5F6BA441A55B29F67FED /* [CP] Copy Pods Resources */ = {
			isa = PBXShellScriptBuildPhase;
			buildActionMask = 2147483647;
			files = (
			);
			inputFileListPaths = (
				"${PODS_ROOT}/Target Support Files/Pods-MyCloudMusic/Pods-MyCloudMusic-resources-${CONFIGURATION}-input-files.xcfilelist",
			);
			name = "[CP] Copy Pods Resources";
			outputFileListPaths = (
				"${PODS_ROOT}/Target Support Files/Pods-MyCloudMusic/Pods-MyCloudMusic-resources-${CONFIGURATION}-output-files.xcfilelist",
			);
			runOnlyForDeploymentPostprocessing = 0;
			shellPath = /bin/sh;
			shellScript = "\"${PODS_ROOT}/Target Support Files/Pods-MyCloudMusic/Pods-MyCloudMusic-resources.sh\"\n";
			showEnvVarsInLog = 0;
		};
		8D9F987F29E4759F00E67AC8 /* ShellScript */ = {
			isa = PBXShellScriptBuildPhase;
			buildActionMask = 2147483647;
			files = (
			);
			inputFileListPaths = (
			);
			inputPaths = (
			);
			outputFileListPaths = (
			);
			outputPaths = (
			);
			runOnlyForDeploymentPostprocessing = 0;
			shellPath = /bin/sh;
			shellScript = "\"${PODS_ROOT}/R.objc/Robjc\" -p \"$SRCROOT\" --skip-themes\n \n";
		};
/* End PBXShellScriptBuildPhase section */

/* Begin PBXSourcesBuildPhase section */
		8D9F984329E3FC8700E67AC8 /* Sources */ = {
			isa = PBXSourcesBuildPhase;
			buildActionMask = 2147483647;
			files = (
				8D7560FC29F653FF0027F959 /* SheetGroupCell.m in Sources */,
				8D75611429F774870027F959 /* DiscoverySongCell.m in Sources */,
				8DE85D1129E8EC0A004E22DB /* PlaceholderView.m in Sources */,
				8DE85D3B29E932B4004E22DB /* VideoController.m in Sources */,
				8D9F989829E52D6B00E67AC8 /* BaseCommonController.m in Sources */,
				8D9F986A29E3FD7E00E67AC8 /* SplashViewController.m in Sources */,
				8D9DC7C329E7EC440025F4C4 /* SuperBaseId.m in Sources */,
				8D75610629F660A60027F959 /* ItemTitleView.m in Sources */,
				8DE85D4229E933A2004E22DB /* UIImage+SuperUI.m in Sources */,
				8D9F988E29E50F3A00E67AC8 /* UIColor+Theme.m in Sources */,
				8D7560E429F257310027F959 /* ResourceUtil.m in Sources */,
				8D9F986F29E45CFC00E67AC8 /* SuperDateUtil.m in Sources */,
				8D75612F29F7C5EC0027F959 /* BaseTitleController.m in Sources */,
				8D9F986029E3FC8700E67AC8 /* main.m in Sources */,
				8D9F985229E3FC8700E67AC8 /* ViewController.m in Sources */,
				8D75611A29F7752B0027F959 /* SongData.m in Sources */,
				8D42F93229E8021B009B9788 /* DefaultRepository.m in Sources */,
				8D9DC7AA29E653420025F4C4 /* GuideController.m in Sources */,
				8D75613629F8FEB80027F959 /* SuperWebController.m in Sources */,
				8D7560E829F4DDF90027F959 /* BannerClickEvent.m in Sources */,
				8D7560DD29F23C620027F959 /* BaseTableViewCell.m in Sources */,
				8DE85D4729E940B9004E22DB /* Ad.m in Sources */,
				8D7560FF29F655680027F959 /* SheetData.m in Sources */,
				8DE85D1B29E8FDFD004E22DB /* SuperToast.m in Sources */,
				8D9F984C29E3FC8700E67AC8 /* AppDelegate.m in Sources */,
				8D7560E129F240AA0027F959 /* BannerCell.m in Sources */,
				8D7560F929F623670027F959 /* DiscoveryButtonView.m in Sources */,
				8D75610E29F66CD90027F959 /* SheetCell.m in Sources */,
				8D9F989B29E52DEC00E67AC8 /* BaseLogicController.m in Sources */,
				8D0FB0F129EC0E8F0074AA6B /* BannerData.m in Sources */,
				8D9DC79C29E549B60025F4C4 /* TermServiceDialogController.m in Sources */,
				8D9F988729E509D300E67AC8 /* UIColor+Hex.m in Sources */,
				8DE85D3E29E9335A004E22DB /* DiscoveryController.m in Sources */,
				8DE85D1E29E92207004E22DB /* TipUtil.m in Sources */,
				8D9F988229E4776500E67AC8 /* R.m in Sources */,
				8D75611729F774CA0027F959 /* SongGroupCell.m in Sources */,
				8D9DC7B129E6AF690025F4C4 /* MSNetwork.m in Sources */,
				8D9DC7A429E567280025F4C4 /* DefaultPreferenceUtil.m in Sources */,
				8D9F988B29E50C8300E67AC8 /* UIColor+Config.m in Sources */,
				8D7560F229F616690027F959 /* ButtonData.m in Sources */,
				8D9F989129E5101B00E67AC8 /* UIColor+SuperUI.m in Sources */,
				8D9DC7C029E7E2BE0025F4C4 /* Meta.m in Sources */,
				8D75611129F675080027F959 /* ImageUtil.m in Sources */,
				8D75612829F7BCC50027F959 /* ClickEvent.m in Sources */,
				8D75612C29F7C0FF0027F959 /* SuperToolbarView.m in Sources */,
				8D75610329F656470027F959 /* Sheet.m in Sources */,
				8D75612429F7A2990027F959 /* User.m in Sources */,
				8D9DC7B529E7DE1A0025F4C4 /* SuperHttpUtil.m in Sources */,
				8D7560EC29F4E5770027F959 /* UIView+SuperUI.m in Sources */,
				8D9DC7AD29E6AD400025F4C4 /* Config.m in Sources */,
				8DE85D3729E93245004E22DB /* RoomController.m in Sources */,
				8D9DC7A029E555E30025F4C4 /* ViewFactoryUtil.m in Sources */,
				8D9DC7D129E7ED9D0025F4C4 /* Video.m in Sources */,
				8DE85D2829E93160004E22DB /* FeedController.m in Sources */,
				8D75611F29F775700027F959 /* Song.m in Sources */,
				8D7560F529F616DA0027F959 /* IconTitleButtonData.m in Sources */,
				8D75613229F8C8250027F959 /* BaseMainController.m in Sources */,
				8DE85D1629E8F1A9004E22DB /* StringUtil.m in Sources */,
				8D9F989529E52CC100E67AC8 /* BaseController.m in Sources */,
				8D9F985829E3FC8700E67AC8 /* MyCloudMusic.xcdatamodeld in Sources */,
				8D75610B29F66B4B0027F959 /* BaseCollectionViewCell.m in Sources */,
				8DE85D3229E9321A004E22DB /* MeController.m in Sources */,
				8D7560EF29F5096B0027F959 /* DiscoveryButtonCell.m in Sources */,
				8D9DC7BD29E7E1E20025F4C4 /* SuperBase.m in Sources */,
				8D9DC7CE29E7ED4F0025F4C4 /* SuperCommon.m in Sources */,
				8DE85D2D29E931C7004E22DB /* MainController.m in Sources */,
				8D9DC7BA29E7E04D0025F4C4 /* BaseResponse.m in Sources */,
			);
			runOnlyForDeploymentPostprocessing = 0;
		};
/* End PBXSourcesBuildPhase section */

/* Begin PBXVariantGroup section */
		8D9F985B29E3FC8700E67AC8 /* LaunchScreen.storyboard */ = {
			isa = PBXVariantGroup;
			children = (
				8D9F985C29E3FC8700E67AC8 /* Base */,
				8D9F987229E465F300E67AC8 /* zh-Hans */,
				8D9F987729E4665A00E67AC8 /* en */,
			);
			name = LaunchScreen.storyboard;
			sourceTree = "<group>";
		};
		8D9F987529E4661700E67AC8 /* Localizable.strings */ = {
			isa = PBXVariantGroup;
			children = (
				8D9F987429E4661700E67AC8 /* zh-Hans */,
				8D9F987829E4667A00E67AC8 /* en */,
			);
			name = Localizable.strings;
			sourceTree = "<group>";
		};
		8D9F987D29E46FD400E67AC8 /* InfoPlist.strings */ = {
			isa = PBXVariantGroup;
			children = (
				8D9F987C29E46FD400E67AC8 /* en */,
				8D9F987E29E46FD800E67AC8 /* zh-Hans */,
			);
			name = InfoPlist.strings;
			sourceTree = "<group>";
		};
/* End PBXVariantGroup section */

/* Begin XCBuildConfiguration section */
		8D9F986129E3FC8700E67AC8 /* Debug */ = {
			isa = XCBuildConfiguration;
			buildSettings = {
				ALWAYS_SEARCH_USER_PATHS = NO;
				CLANG_ANALYZER_LOCALIZABILITY_NONLOCALIZED = YES;
				CLANG_ANALYZER_NONNULL = YES;
				CLANG_ANALYZER_NUMBER_OBJECT_CONVERSION = YES_AGGRESSIVE;
				CLANG_CXX_LANGUAGE_STANDARD = "gnu++20";
				CLANG_ENABLE_MODULES = YES;
				CLANG_ENABLE_OBJC_ARC = YES;
				CLANG_ENABLE_OBJC_WEAK = YES;
				CLANG_WARN_BLOCK_CAPTURE_AUTORELEASING = YES;
				CLANG_WARN_BOOL_CONVERSION = YES;
				CLANG_WARN_COMMA = YES;
				CLANG_WARN_CONSTANT_CONVERSION = YES;
				CLANG_WARN_DEPRECATED_OBJC_IMPLEMENTATIONS = YES;
				CLANG_WARN_DIRECT_OBJC_ISA_USAGE = YES_ERROR;
				CLANG_WARN_DOCUMENTATION_COMMENTS = YES;
				CLANG_WARN_EMPTY_BODY = YES;
				CLANG_WARN_ENUM_CONVERSION = YES;
				CLANG_WARN_INFINITE_RECURSION = YES;
				CLANG_WARN_INT_CONVERSION = YES;
				CLANG_WARN_NON_LITERAL_NULL_CONVERSION = YES;
				CLANG_WARN_OBJC_IMPLICIT_RETAIN_SELF = YES;
				CLANG_WARN_OBJC_LITERAL_CONVERSION = YES;
				CLANG_WARN_OBJC_ROOT_CLASS = YES_ERROR;
				CLANG_WARN_QUOTED_INCLUDE_IN_FRAMEWORK_HEADER = YES;
				CLANG_WARN_RANGE_LOOP_ANALYSIS = YES;
				CLANG_WARN_STRICT_PROTOTYPES = YES;
				CLANG_WARN_SUSPICIOUS_MOVE = YES;
				CLANG_WARN_UNGUARDED_AVAILABILITY = YES_AGGRESSIVE;
				CLANG_WARN_UNREACHABLE_CODE = YES;
				CLANG_WARN__DUPLICATE_METHOD_MATCH = YES;
				COPY_PHASE_STRIP = NO;
				DEBUG_INFORMATION_FORMAT = dwarf;
				ENABLE_STRICT_OBJC_MSGSEND = YES;
				ENABLE_TESTABILITY = YES;
				GCC_C_LANGUAGE_STANDARD = gnu11;
				GCC_DYNAMIC_NO_PIC = NO;
				GCC_NO_COMMON_BLOCKS = YES;
				GCC_OPTIMIZATION_LEVEL = 0;
				GCC_PREPROCESSOR_DEFINITIONS = (
					"DEBUG=1",
					"$(inherited)",
				);
				GCC_WARN_64_TO_32_BIT_CONVERSION = YES;
				GCC_WARN_ABOUT_RETURN_TYPE = YES_ERROR;
				GCC_WARN_UNDECLARED_SELECTOR = YES;
				GCC_WARN_UNINITIALIZED_AUTOS = YES_AGGRESSIVE;
				GCC_WARN_UNUSED_FUNCTION = YES;
				GCC_WARN_UNUSED_VARIABLE = YES;
				IPHONEOS_DEPLOYMENT_TARGET = 11.0;
				MTL_ENABLE_DEBUG_INFO = INCLUDE_SOURCE;
				MTL_FAST_MATH = YES;
				ONLY_ACTIVE_ARCH = YES;
				SDKROOT = iphoneos;
			};
			name = Debug;
		};
		8D9F986229E3FC8700E67AC8 /* Release */ = {
			isa = XCBuildConfiguration;
			buildSettings = {
				ALWAYS_SEARCH_USER_PATHS = NO;
				CLANG_ANALYZER_LOCALIZABILITY_NONLOCALIZED = YES;
				CLANG_ANALYZER_NONNULL = YES;
				CLANG_ANALYZER_NUMBER_OBJECT_CONVERSION = YES_AGGRESSIVE;
				CLANG_CXX_LANGUAGE_STANDARD = "gnu++20";
				CLANG_ENABLE_MODULES = YES;
				CLANG_ENABLE_OBJC_ARC = YES;
				CLANG_ENABLE_OBJC_WEAK = YES;
				CLANG_WARN_BLOCK_CAPTURE_AUTORELEASING = YES;
				CLANG_WARN_BOOL_CONVERSION = YES;
				CLANG_WARN_COMMA = YES;
				CLANG_WARN_CONSTANT_CONVERSION = YES;
				CLANG_WARN_DEPRECATED_OBJC_IMPLEMENTATIONS = YES;
				CLANG_WARN_DIRECT_OBJC_ISA_USAGE = YES_ERROR;
				CLANG_WARN_DOCUMENTATION_COMMENTS = YES;
				CLANG_WARN_EMPTY_BODY = YES;
				CLANG_WARN_ENUM_CONVERSION = YES;
				CLANG_WARN_INFINITE_RECURSION = YES;
				CLANG_WARN_INT_CONVERSION = YES;
				CLANG_WARN_NON_LITERAL_NULL_CONVERSION = YES;
				CLANG_WARN_OBJC_IMPLICIT_RETAIN_SELF = YES;
				CLANG_WARN_OBJC_LITERAL_CONVERSION = YES;
				CLANG_WARN_OBJC_ROOT_CLASS = YES_ERROR;
				CLANG_WARN_QUOTED_INCLUDE_IN_FRAMEWORK_HEADER = YES;
				CLANG_WARN_RANGE_LOOP_ANALYSIS = YES;
				CLANG_WARN_STRICT_PROTOTYPES = YES;
				CLANG_WARN_SUSPICIOUS_MOVE = YES;
				CLANG_WARN_UNGUARDED_AVAILABILITY = YES_AGGRESSIVE;
				CLANG_WARN_UNREACHABLE_CODE = YES;
				CLANG_WARN__DUPLICATE_METHOD_MATCH = YES;
				COPY_PHASE_STRIP = NO;
				DEBUG_INFORMATION_FORMAT = "dwarf-with-dsym";
				ENABLE_NS_ASSERTIONS = NO;
				ENABLE_STRICT_OBJC_MSGSEND = YES;
				GCC_C_LANGUAGE_STANDARD = gnu11;
				GCC_NO_COMMON_BLOCKS = YES;
				GCC_WARN_64_TO_32_BIT_CONVERSION = YES;
				GCC_WARN_ABOUT_RETURN_TYPE = YES_ERROR;
				GCC_WARN_UNDECLARED_SELECTOR = YES;
				GCC_WARN_UNINITIALIZED_AUTOS = YES_AGGRESSIVE;
				GCC_WARN_UNUSED_FUNCTION = YES;
				GCC_WARN_UNUSED_VARIABLE = YES;
				IPHONEOS_DEPLOYMENT_TARGET = 11.0;
				MTL_ENABLE_DEBUG_INFO = NO;
				MTL_FAST_MATH = YES;
				SDKROOT = iphoneos;
				VALIDATE_PRODUCT = YES;
			};
			name = Release;
		};
		8D9F986429E3FC8700E67AC8 /* Debug */ = {
			isa = XCBuildConfiguration;
			baseConfigurationReference = DD39585A1CA2DCD7AF36F5A4 /* Pods-MyCloudMusic.debug.xcconfig */;
			buildSettings = {
				ASSETCATALOG_COMPILER_APPICON_NAME = AppIcon;
				ASSETCATALOG_COMPILER_GLOBAL_ACCENT_COLOR_NAME = AccentColor;
				CODE_SIGN_STYLE = Automatic;
				CURRENT_PROJECT_VERSION = 1;
				DEVELOPMENT_TEAM = 82MLR5KWY4;
				GCC_PRECOMPILE_PREFIX_HEADER = YES;
				GCC_PREFIX_HEADER = "$(SRCROOT)/MyCloudMusic/PrefixHeader.pch";
				GENERATE_INFOPLIST_FILE = YES;
				INFOPLIST_FILE = MyCloudMusic/Info.plist;
				INFOPLIST_KEY_UIApplicationSupportsIndirectInputEvents = YES;
				INFOPLIST_KEY_UILaunchStoryboardName = none;
				INFOPLIST_KEY_UISupportedInterfaceOrientations_iPad = "UIInterfaceOrientationPortrait UIInterfaceOrientationPortraitUpsideDown UIInterfaceOrientationLandscapeLeft UIInterfaceOrientationLandscapeRight";
				INFOPLIST_KEY_UISupportedInterfaceOrientations_iPhone = "UIInterfaceOrientationPortrait UIInterfaceOrientationLandscapeLeft UIInterfaceOrientationLandscapeRight";
				IPHONEOS_DEPLOYMENT_TARGET = 11.0;
				LD_RUNPATH_SEARCH_PATHS = (
					"$(inherited)",
					"@executable_path/Frameworks",
				);
				MARKETING_VERSION = 1.0;
				PRODUCT_BUNDLE_IDENTIFIER = HarrisonXn.MyCloudMusic;
				PRODUCT_NAME = "$(TARGET_NAME)";
				SWIFT_EMIT_LOC_STRINGS = YES;
				TARGETED_DEVICE_FAMILY = "1,2";
			};
			name = Debug;
		};
		8D9F986529E3FC8700E67AC8 /* Release */ = {
			isa = XCBuildConfiguration;
			baseConfigurationReference = 8558CA7B62B1D206278AC68E /* Pods-MyCloudMusic.release.xcconfig */;
			buildSettings = {
				ASSETCATALOG_COMPILER_APPICON_NAME = AppIcon;
				ASSETCATALOG_COMPILER_GLOBAL_ACCENT_COLOR_NAME = AccentColor;
				CODE_SIGN_STYLE = Automatic;
				CURRENT_PROJECT_VERSION = 1;
				DEVELOPMENT_TEAM = 82MLR5KWY4;
				GCC_PRECOMPILE_PREFIX_HEADER = YES;
				GCC_PREFIX_HEADER = "$(SRCROOT)/MyCloudMusic/PrefixHeader.pch";
				GENERATE_INFOPLIST_FILE = YES;
				INFOPLIST_FILE = MyCloudMusic/Info.plist;
				INFOPLIST_KEY_UIApplicationSupportsIndirectInputEvents = YES;
				INFOPLIST_KEY_UILaunchStoryboardName = none;
				INFOPLIST_KEY_UISupportedInterfaceOrientations_iPad = "UIInterfaceOrientationPortrait UIInterfaceOrientationPortraitUpsideDown UIInterfaceOrientationLandscapeLeft UIInterfaceOrientationLandscapeRight";
				INFOPLIST_KEY_UISupportedInterfaceOrientations_iPhone = "UIInterfaceOrientationPortrait UIInterfaceOrientationLandscapeLeft UIInterfaceOrientationLandscapeRight";
				IPHONEOS_DEPLOYMENT_TARGET = 11.0;
				LD_RUNPATH_SEARCH_PATHS = (
					"$(inherited)",
					"@executable_path/Frameworks",
				);
				MARKETING_VERSION = 1.0;
				PRODUCT_BUNDLE_IDENTIFIER = HarrisonXn.MyCloudMusic;
				PRODUCT_NAME = "$(TARGET_NAME)";
				SWIFT_EMIT_LOC_STRINGS = YES;
				TARGETED_DEVICE_FAMILY = "1,2";
			};
			name = Release;
		};
/* End XCBuildConfiguration section */

/* Begin XCConfigurationList section */
		8D9F984229E3FC8700E67AC8 /* Build configuration list for PBXProject "MyCloudMusic" */ = {
			isa = XCConfigurationList;
			buildConfigurations = (
				8D9F986129E3FC8700E67AC8 /* Debug */,
				8D9F986229E3FC8700E67AC8 /* Release */,
			);
			defaultConfigurationIsVisible = 0;
			defaultConfigurationName = Release;
		};
		8D9F986329E3FC8700E67AC8 /* Build configuration list for PBXNativeTarget "MyCloudMusic" */ = {
			isa = XCConfigurationList;
			buildConfigurations = (
				8D9F986429E3FC8700E67AC8 /* Debug */,
				8D9F986529E3FC8700E67AC8 /* Release */,
			);
			defaultConfigurationIsVisible = 0;
			defaultConfigurationName = Release;
		};
/* End XCConfigurationList section */

/* Begin XCVersionGroup section */
		8D9F985629E3FC8700E67AC8 /* MyCloudMusic.xcdatamodeld */ = {
			isa = XCVersionGroup;
			children = (
				8D9F985729E3FC8700E67AC8 /* MyCloudMusic.xcdatamodel */,
			);
			currentVersion = 8D9F985729E3FC8700E67AC8 /* MyCloudMusic.xcdatamodel */;
			path = MyCloudMusic.xcdatamodeld;
			sourceTree = "<group>";
			versionGroupType = wrapper.xcdatamodel;
		};
/* End XCVersionGroup section */
	};
	rootObject = 8D9F983F29E3FC8700E67AC8 /* Project object */;
}
